<Solution>
  <Configurations>
    <Platform Name="x64" />
  </Configurations>
  <Folder Name="/Solution Items/">
    <File Path="GEMINI.md" />
    <File Path="README.md" />
  </Folder>
  <Project Path="BlankApp1.Server/BlankApp1.Server.csproj">
    <Platform Project="x64" />
  </Project>
  <Project Path="BlankApp1/BlankApp1.csproj">
    <BuildDependency Project="BlankApp1.Server/BlankApp1.Server.csproj" />
    <Platform Project="x64" />
  </Project>
</Solution>
